
Microsoft Visual Studio Solution File, Format Version 12.00
#
Project("{2150E333-8FDC-42A3-9474-1A3956D46DE8}") = "Dotcom", "Dotcom", "{77ADE203-6702-4B4D-A498-B1154EAFCF97}"
EndProject
Project("{2150E333-8FDC-42A3-9474-1A3956D46DE8}") = "Shared", "Shared", "{C9528C2A-69D1-4CDD-AEA1-56253CD6206A}"
EndProject
Project("{FAE04EC0-301F-11D3-BF4B-00C04F79EFBC}") = "mojofawad.Shared", "..\..\mojofawad\src\mojofawad.Shared\mojofawad.Shared.csproj", "{2D1C7492-05F1-4E96-9192-1EC52F1F9FAF}"
EndProject
Project("{FAE04EC0-301F-11D3-BF4B-00C04F79EFBC}") = "mojofawad.Shared.Application", "..\..\mojofawad\src\mojofawad.Shared.Application\mojofawad.Shared.Application.csproj", "{90916FED-48A8-426F-AA75-5CEBABFCF37B}"
EndProject
Project("{FAE04EC0-301F-11D3-BF4B-00C04F79EFBC}") = "mojofawad.Shared.Domain", "..\..\mojofawad\src\mojofawad.Shared.Domain\mojofawad.Shared.Domain.csproj", "{CC1F344B-DBC4-4B24-BAC0-D54FC97E0F3F}"
EndProject
Project("{FAE04EC0-301F-11D3-BF4B-00C04F79EFBC}") = "mojofawad.Shared.Infrastructure", "..\..\mojofawad\src\mojofawad.Shared.Infrastructure\mojofawad.Shared.Infrastructure.csproj", "{2622CBCD-9AD2-4663-B50F-D3E730C7781A}"
EndProject
Project("{FAE04EC0-301F-11D3-BF4B-00C04F79EFBC}") = "mojofawad.Shared.ArchTests", "..\..\mojofawad\tests\mojofawad.Shared.ArchTests\mojofawad.Shared.ArchTests.csproj", "{9B5AA9E4-3D92-4191-B4DE-C2FF34CD5A2E}"
EndProject
Project("{FAE04EC0-301F-11D3-BF4B-00C04F79EFBC}") = "mojofawad.Shared.IntegrationTests", "..\..\mojofawad\tests\mojofawad.Shared.IntegrationTests\mojofawad.Shared.IntegrationTests.csproj", "{5FAC9B74-D506-43C1-AADA-D1FA0BC207BA}"
EndProject
Project("{FAE04EC0-301F-11D3-BF4B-00C04F79EFBC}") = "mojofawad.Shared.UnitTests", "..\..\mojofawad\tests\mojofawad.Shared.UnitTests\mojofawad.Shared.UnitTests.csproj", "{B5E33D8F-D530-4931-8214-191F9E6F8B5D}"
EndProject
Project("{2150E333-8FDC-42A3-9474-1A3956D46DE8}") = "Tests", "Tests", "{F955C5C0-2C5C-4C08-B5DA-33C13CD544C2}"
EndProject
Project("{2150E333-8FDC-42A3-9474-1A3956D46DE8}") = "ContentManagement", "ContentManagement", "{2953B651-613F-4A75-B125-E55BD058A2C1}"
EndProject
Project("{2150E333-8FDC-42A3-9474-1A3956D46DE8}") = "Portfolio", "Portfolio", "{C41EC856-220C-4813-A01A-E27F79BC35FC}"
EndProject
Project("{2150E333-8FDC-42A3-9474-1A3956D46DE8}") = "Engagement", "Engagement", "{C9FE32D8-DCF8-40FA-B386-32CAA48CE057}"
EndProject
Project("{2150E333-8FDC-42A3-9474-1A3956D46DE8}") = "Analytics", "Analytics", "{C96809DE-370C-430D-8DAB-413155541FB2}"
EndProject
Project("{2150E333-8FDC-42A3-9474-1A3956D46DE8}") = "Tests", "Tests", "{19E41597-9BE6-4DE6-9922-4FA33E6EE102}"
EndProject
Project("{2150E333-8FDC-42A3-9474-1A3956D46DE8}") = "Tests", "Tests", "{62DD49FF-AE01-4483-A48E-B5D8F12F5B6D}"
EndProject
Project("{2150E333-8FDC-42A3-9474-1A3956D46DE8}") = "Tests", "Tests", "{C9180157-4FFD-432B-B80F-A108F5B643DA}"
EndProject
Project("{2150E333-8FDC-42A3-9474-1A3956D46DE8}") = "Tests", "Tests", "{78473544-F333-41D1-8515-0C4C336EB4D6}"
EndProject
Project("{FAE04EC0-301F-11D3-BF4B-00C04F79EFBC}") = "Dotcom.Analytics.UnitTests", "..\tests\Dotcom.Analytics.UnitTests\Dotcom.Analytics.UnitTests.csproj", "{9C594460-05DF-4291-8780-0210253C530D}"
EndProject
Project("{FAE04EC0-301F-11D3-BF4B-00C04F79EFBC}") = "Dotcom.Analytics.IntegrationTests", "..\tests\Dotcom.Analytics.IntegrationTests\Dotcom.Analytics.IntegrationTests.csproj", "{F10FAE57-5ECA-4157-B81E-F1C1BBCED4AD}"
EndProject
Project("{FAE04EC0-301F-11D3-BF4B-00C04F79EFBC}") = "Dotcom.ContentManagement.UnitTests", "..\tests\Dotcom.ContentManagement.UnitTests\Dotcom.ContentManagement.UnitTests.csproj", "{1CEA746C-6113-4984-82A4-9E335D7ED6AB}"
EndProject
Project("{FAE04EC0-301F-11D3-BF4B-00C04F79EFBC}") = "Dotcom.Engagement.UnitTests", "..\tests\Dotcom.Engagement.UnitTests\Dotcom.Engagement.UnitTests.csproj", "{4F70EE73-0EFD-4AB4-91E9-C6A6062762F9}"
EndProject
Project("{FAE04EC0-301F-11D3-BF4B-00C04F79EFBC}") = "Dotcom.Portfolio.UnitTests", "..\tests\Dotcom.Portfolio.UnitTests\Dotcom.Portfolio.UnitTests.csproj", "{CC499657-9B8C-4C48-827A-6CDD904A2B78}"
EndProject
Project("{FAE04EC0-301F-11D3-BF4B-00C04F79EFBC}") = "Dotcom.Portfolio.IntegrationTests", "..\tests\Dotcom.Portfolio.IntegrationTests\Dotcom.Portfolio.IntegrationTests.csproj", "{9866BA10-88CC-4F21-819F-FACADBA33B39}"
EndProject
Project("{FAE04EC0-301F-11D3-BF4B-00C04F79EFBC}") = "Dotcom.ContentManagement.IntegrationTests", "..\tests\Dotcom.ContentManagement.IntegrationTests\Dotcom.ContentManagement.IntegrationTests.csproj", "{96E00354-CA6B-42B0-B9F0-38FD5E2B4630}"
EndProject
Project("{FAE04EC0-301F-11D3-BF4B-00C04F79EFBC}") = "Dotcom.Engagement.IntegrationTests", "..\tests\Dotcom.Engagement.IntegrationTests\Dotcom.Engagement.IntegrationTests.csproj", "{BA9AD587-0972-4AB5-AECD-0A5EE11D237F}"
EndProject
Project("{FAE04EC0-301F-11D3-BF4B-00C04F79EFBC}") = "Dotcom.Analytics", "Dotcom.Analytics\Dotcom.Analytics.csproj", "{C529C70D-DD90-4DA4-9B52-8752E2E6051D}"
EndProject
Project("{FAE04EC0-301F-11D3-BF4B-00C04F79EFBC}") = "Dotcom.Analytics.Application", "Dotcom.Analytics.Application\Dotcom.Analytics.Application.csproj", "{9CDAD5B2-6A8D-4192-9968-05BAF45B9741}"
EndProject
Project("{FAE04EC0-301F-11D3-BF4B-00C04F79EFBC}") = "Dotcom.Analytics.Domain", "Dotcom.Analytics.Domain\Dotcom.Analytics.Domain.csproj", "{B6706106-DDF1-475D-A367-D45F81873AC7}"
EndProject
Project("{FAE04EC0-301F-11D3-BF4B-00C04F79EFBC}") = "Dotcom.Analytics.Infrastructure", "Dotcom.Analytics.Infrastructure\Dotcom.Analytics.Infrastructure.csproj", "{6479A9CB-F6C9-4C75-9DD3-C3309D122B7E}"
EndProject
Project("{FAE04EC0-301F-11D3-BF4B-00C04F79EFBC}") = "Dotcom.ContentManagement", "Dotcom.ContentManagement\Dotcom.ContentManagement.csproj", "{104268C8-54B4-4F06-AA00-594CBBF30D2C}"
EndProject
Project("{FAE04EC0-301F-11D3-BF4B-00C04F79EFBC}") = "Dotcom.ContentManagement.Application", "Dotcom.ContentManagement.Application\Dotcom.ContentManagement.Application.csproj", "{B141DCAE-524D-403F-9B3D-CF3DC7F2F314}"
EndProject
Project("{FAE04EC0-301F-11D3-BF4B-00C04F79EFBC}") = "Dotcom.ContentManagement.Infrastructure", "Dotcom.ContentManagement.Infrastructure\Dotcom.ContentManagement.Infrastructure.csproj", "{168BA099-7842-47E0-A88C-375E86E48303}"
EndProject
Project("{FAE04EC0-301F-11D3-BF4B-00C04F79EFBC}") = "Dotcom.ContentManagement.Domain", "Dotcom.ContentManagement.Domain\Dotcom.ContentManagement.Domain.csproj", "{007E5382-3372-4A38-A7E6-337DA875A49E}"
EndProject
Project("{FAE04EC0-301F-11D3-BF4B-00C04F79EFBC}") = "Dotcom.Engagement", "Dotcom.Engagement\Dotcom.Engagement.csproj", "{BDCA8D6E-C730-43C4-97E1-B7823B360373}"
EndProject
Project("{FAE04EC0-301F-11D3-BF4B-00C04F79EFBC}") = "Dotcom.Engagement.Application", "Dotcom.Engagement.Application\Dotcom.Engagement.Application.csproj", "{067BE6A4-C2A2-4CFF-97F1-64B6669C5266}"
EndProject
Project("{FAE04EC0-301F-11D3-BF4B-00C04F79EFBC}") = "Dotcom.Engagement.Domain", "Dotcom.Engagement.Domain\Dotcom.Engagement.Domain.csproj", "{0A8D103C-947B-4782-8ACF-3346B36713C6}"
EndProject
Project("{FAE04EC0-301F-11D3-BF4B-00C04F79EFBC}") = "Dotcom.Engagement.Infrastructure", "Dotcom.Engagement.Infrastructure\Dotcom.Engagement.Infrastructure.csproj", "{4326EC73-F877-497B-9960-2329AFC9D2BC}"
EndProject
Project("{FAE04EC0-301F-11D3-BF4B-00C04F79EFBC}") = "Dotcom.Portfolio", "Dotcom.Portfolio\Dotcom.Portfolio.csproj", "{81ECA02C-4F95-42B8-B843-0F3787A43253}"
EndProject
Project("{FAE04EC0-301F-11D3-BF4B-00C04F79EFBC}") = "Dotcom.Portfolio.Application", "Dotcom.Portfolio.Application\Dotcom.Portfolio.Application.csproj", "{4055C4D0-B4A5-44A1-A3CA-2652FEBFCC4D}"
EndProject
Project("{FAE04EC0-301F-11D3-BF4B-00C04F79EFBC}") = "Dotcom.Portfolio.Domain", "Dotcom.Portfolio.Domain\Dotcom.Portfolio.Domain.csproj", "{25B3A405-290A-4026-BF00-8B3102F9FDC6}"
EndProject
Project("{FAE04EC0-301F-11D3-BF4B-00C04F79EFBC}") = "Dotcom.Portfolio.Infrastructure", "Dotcom.Portfolio.Infrastructure\Dotcom.Portfolio.Infrastructure.csproj", "{03E81B2E-EDFB-4C0F-8A2E-815CEE98A30E}"
EndProject
Global
	GlobalSection(SolutionConfigurationPlatforms) = preSolution
		Debug|Any CPU = Debug|Any CPU
		Release|Any CPU = Release|Any CPU
	EndGlobalSection
	GlobalSection(NestedProjects) = preSolution
		{2D1C7492-05F1-4E96-9192-1EC52F1F9FAF} = {C9528C2A-69D1-4CDD-AEA1-56253CD6206A}
		{F955C5C0-2C5C-4C08-B5DA-33C13CD544C2} = {C9528C2A-69D1-4CDD-AEA1-56253CD6206A}
		{90916FED-48A8-426F-AA75-5CEBABFCF37B} = {C9528C2A-69D1-4CDD-AEA1-56253CD6206A}
		{CC1F344B-DBC4-4B24-BAC0-D54FC97E0F3F} = {C9528C2A-69D1-4CDD-AEA1-56253CD6206A}
		{2622CBCD-9AD2-4663-B50F-D3E730C7781A} = {C9528C2A-69D1-4CDD-AEA1-56253CD6206A}
		{9B5AA9E4-3D92-4191-B4DE-C2FF34CD5A2E} = {F955C5C0-2C5C-4C08-B5DA-33C13CD544C2}
		{5FAC9B74-D506-43C1-AADA-D1FA0BC207BA} = {F955C5C0-2C5C-4C08-B5DA-33C13CD544C2}
		{B5E33D8F-D530-4931-8214-191F9E6F8B5D} = {F955C5C0-2C5C-4C08-B5DA-33C13CD544C2}
		{2953B651-613F-4A75-B125-E55BD058A2C1} = {77ADE203-6702-4B4D-A498-B1154EAFCF97}
		{C41EC856-220C-4813-A01A-E27F79BC35FC} = {77ADE203-6702-4B4D-A498-B1154EAFCF97}
		{C9FE32D8-DCF8-40FA-B386-32CAA48CE057} = {77ADE203-6702-4B4D-A498-B1154EAFCF97}
		{C96809DE-370C-430D-8DAB-413155541FB2} = {77ADE203-6702-4B4D-A498-B1154EAFCF97}
		{19E41597-9BE6-4DE6-9922-4FA33E6EE102} = {C96809DE-370C-430D-8DAB-413155541FB2}
		{62DD49FF-AE01-4483-A48E-B5D8F12F5B6D} = {2953B651-613F-4A75-B125-E55BD058A2C1}
		{C9180157-4FFD-432B-B80F-A108F5B643DA} = {C9FE32D8-DCF8-40FA-B386-32CAA48CE057}
		{78473544-F333-41D1-8515-0C4C336EB4D6} = {C41EC856-220C-4813-A01A-E27F79BC35FC}
		{9C594460-05DF-4291-8780-0210253C530D} = {19E41597-9BE6-4DE6-9922-4FA33E6EE102}
		{F10FAE57-5ECA-4157-B81E-F1C1BBCED4AD} = {19E41597-9BE6-4DE6-9922-4FA33E6EE102}
		{1CEA746C-6113-4984-82A4-9E335D7ED6AB} = {62DD49FF-AE01-4483-A48E-B5D8F12F5B6D}
		{4F70EE73-0EFD-4AB4-91E9-C6A6062762F9} = {C9180157-4FFD-432B-B80F-A108F5B643DA}
		{CC499657-9B8C-4C48-827A-6CDD904A2B78} = {78473544-F333-41D1-8515-0C4C336EB4D6}
		{9866BA10-88CC-4F21-819F-FACADBA33B39} = {78473544-F333-41D1-8515-0C4C336EB4D6}
		{96E00354-CA6B-42B0-B9F0-38FD5E2B4630} = {62DD49FF-AE01-4483-A48E-B5D8F12F5B6D}
		{BA9AD587-0972-4AB5-AECD-0A5EE11D237F} = {C9180157-4FFD-432B-B80F-A108F5B643DA}
		{C529C70D-DD90-4DA4-9B52-8752E2E6051D} = {C96809DE-370C-430D-8DAB-413155541FB2}
		{9CDAD5B2-6A8D-4192-9968-05BAF45B9741} = {C96809DE-370C-430D-8DAB-413155541FB2}
		{B6706106-DDF1-475D-A367-D45F81873AC7} = {C96809DE-370C-430D-8DAB-413155541FB2}
		{6479A9CB-F6C9-4C75-9DD3-C3309D122B7E} = {C96809DE-370C-430D-8DAB-413155541FB2}
		{104268C8-54B4-4F06-AA00-594CBBF30D2C} = {2953B651-613F-4A75-B125-E55BD058A2C1}
		{B141DCAE-524D-403F-9B3D-CF3DC7F2F314} = {2953B651-613F-4A75-B125-E55BD058A2C1}
		{168BA099-7842-47E0-A88C-375E86E48303} = {2953B651-613F-4A75-B125-E55BD058A2C1}
		{007E5382-3372-4A38-A7E6-337DA875A49E} = {2953B651-613F-4A75-B125-E55BD058A2C1}
		{BDCA8D6E-C730-43C4-97E1-B7823B360373} = {C9FE32D8-DCF8-40FA-B386-32CAA48CE057}
		{067BE6A4-C2A2-4CFF-97F1-64B6669C5266} = {C9FE32D8-DCF8-40FA-B386-32CAA48CE057}
		{0A8D103C-947B-4782-8ACF-3346B36713C6} = {C9FE32D8-DCF8-40FA-B386-32CAA48CE057}
		{4326EC73-F877-497B-9960-2329AFC9D2BC} = {C9FE32D8-DCF8-40FA-B386-32CAA48CE057}
		{81ECA02C-4F95-42B8-B843-0F3787A43253} = {C41EC856-220C-4813-A01A-E27F79BC35FC}
		{4055C4D0-B4A5-44A1-A3CA-2652FEBFCC4D} = {C41EC856-220C-4813-A01A-E27F79BC35FC}
		{25B3A405-290A-4026-BF00-8B3102F9FDC6} = {C41EC856-220C-4813-A01A-E27F79BC35FC}
		{03E81B2E-EDFB-4C0F-8A2E-815CEE98A30E} = {C41EC856-220C-4813-A01A-E27F79BC35FC}
	EndGlobalSection
	GlobalSection(ProjectConfigurationPlatforms) = postSolution
		{2D1C7492-05F1-4E96-9192-1EC52F1F9FAF}.Debug|Any CPU.ActiveCfg = Debug|Any CPU
		{2D1C7492-05F1-4E96-9192-1EC52F1F9FAF}.Debug|Any CPU.Build.0 = Debug|Any CPU
		{2D1C7492-05F1-4E96-9192-1EC52F1F9FAF}.Release|Any CPU.ActiveCfg = Release|Any CPU
		{2D1C7492-05F1-4E96-9192-1EC52F1F9FAF}.Release|Any CPU.Build.0 = Release|Any CPU
		{90916FED-48A8-426F-AA75-5CEBABFCF37B}.Debug|Any CPU.ActiveCfg = Debug|Any CPU
		{90916FED-48A8-426F-AA75-5CEBABFCF37B}.Debug|Any CPU.Build.0 = Debug|Any CPU
		{90916FED-48A8-426F-AA75-5CEBABFCF37B}.Release|Any CPU.ActiveCfg = Release|Any CPU
		{90916FED-48A8-426F-AA75-5CEBABFCF37B}.Release|Any CPU.Build.0 = Release|Any CPU
		{CC1F344B-DBC4-4B24-BAC0-D54FC97E0F3F}.Debug|Any CPU.ActiveCfg = Debug|Any CPU
		{CC1F344B-DBC4-4B24-BAC0-D54FC97E0F3F}.Debug|Any CPU.Build.0 = Debug|Any CPU
		{CC1F344B-DBC4-4B24-BAC0-D54FC97E0F3F}.Release|Any CPU.ActiveCfg = Release|Any CPU
		{CC1F344B-DBC4-4B24-BAC0-D54FC97E0F3F}.Release|Any CPU.Build.0 = Release|Any CPU
		{2622CBCD-9AD2-4663-B50F-D3E730C7781A}.Debug|Any CPU.ActiveCfg = Debug|Any CPU
		{2622CBCD-9AD2-4663-B50F-D3E730C7781A}.Debug|Any CPU.Build.0 = Debug|Any CPU
		{2622CBCD-9AD2-4663-B50F-D3E730C7781A}.Release|Any CPU.ActiveCfg = Release|Any CPU
		{2622CBCD-9AD2-4663-B50F-D3E730C7781A}.Release|Any CPU.Build.0 = Release|Any CPU
		{9B5AA9E4-3D92-4191-B4DE-C2FF34CD5A2E}.Debug|Any CPU.ActiveCfg = Debug|Any CPU
		{9B5AA9E4-3D92-4191-B4DE-C2FF34CD5A2E}.Debug|Any CPU.Build.0 = Debug|Any CPU
		{9B5AA9E4-3D92-4191-B4DE-C2FF34CD5A2E}.Release|Any CPU.ActiveCfg = Release|Any CPU
		{9B5AA9E4-3D92-4191-B4DE-C2FF34CD5A2E}.Release|Any CPU.Build.0 = Release|Any CPU
		{5FAC9B74-D506-43C1-AADA-D1FA0BC207BA}.Debug|Any CPU.ActiveCfg = Debug|Any CPU
		{5FAC9B74-D506-43C1-AADA-D1FA0BC207BA}.Debug|Any CPU.Build.0 = Debug|Any CPU
		{5FAC9B74-D506-43C1-AADA-D1FA0BC207BA}.Release|Any CPU.ActiveCfg = Release|Any CPU
		{5FAC9B74-D506-43C1-AADA-D1FA0BC207BA}.Release|Any CPU.Build.0 = Release|Any CPU
		{B5E33D8F-D530-4931-8214-191F9E6F8B5D}.Debug|Any CPU.ActiveCfg = Debug|Any CPU
		{B5E33D8F-D530-4931-8214-191F9E6F8B5D}.Debug|Any CPU.Build.0 = Debug|Any CPU
		{B5E33D8F-D530-4931-8214-191F9E6F8B5D}.Release|Any CPU.ActiveCfg = Release|Any CPU
		{B5E33D8F-D530-4931-8214-191F9E6F8B5D}.Release|Any CPU.Build.0 = Release|Any CPU
		{9C594460-05DF-4291-8780-0210253C530D}.Debug|Any CPU.ActiveCfg = Debug|Any CPU
		{9C594460-05DF-4291-8780-0210253C530D}.Debug|Any CPU.Build.0 = Debug|Any CPU
		{9C594460-05DF-4291-8780-0210253C530D}.Release|Any CPU.ActiveCfg = Release|Any CPU
		{9C594460-05DF-4291-8780-0210253C530D}.Release|Any CPU.Build.0 = Release|Any CPU
		{F10FAE57-5ECA-4157-B81E-F1C1BBCED4AD}.Debug|Any CPU.ActiveCfg = Debug|Any CPU
		{F10FAE57-5ECA-4157-B81E-F1C1BBCED4AD}.Debug|Any CPU.Build.0 = Debug|Any CPU
		{F10FAE57-5ECA-4157-B81E-F1C1BBCED4AD}.Release|Any CPU.ActiveCfg = Release|Any CPU
		{F10FAE57-5ECA-4157-B81E-F1C1BBCED4AD}.Release|Any CPU.Build.0 = Release|Any CPU
		{1CEA746C-6113-4984-82A4-9E335D7ED6AB}.Debug|Any CPU.ActiveCfg = Debug|Any CPU
		{1CEA746C-6113-4984-82A4-9E335D7ED6AB}.Debug|Any CPU.Build.0 = Debug|Any CPU
		{1CEA746C-6113-4984-82A4-9E335D7ED6AB}.Release|Any CPU.ActiveCfg = Release|Any CPU
		{1CEA746C-6113-4984-82A4-9E335D7ED6AB}.Release|Any CPU.Build.0 = Release|Any CPU
		{4F70EE73-0EFD-4AB4-91E9-C6A6062762F9}.Debug|Any CPU.ActiveCfg = Debug|Any CPU
		{4F70EE73-0EFD-4AB4-91E9-C6A6062762F9}.Debug|Any CPU.Build.0 = Debug|Any CPU
		{4F70EE73-0EFD-4AB4-91E9-C6A6062762F9}.Release|Any CPU.ActiveCfg = Release|Any CPU
		{4F70EE73-0EFD-4AB4-91E9-C6A6062762F9}.Release|Any CPU.Build.0 = Release|Any CPU
		{CC499657-9B8C-4C48-827A-6CDD904A2B78}.Debug|Any CPU.ActiveCfg = Debug|Any CPU
		{CC499657-9B8C-4C48-827A-6CDD904A2B78}.Debug|Any CPU.Build.0 = Debug|Any CPU
		{CC499657-9B8C-4C48-827A-6CDD904A2B78}.Release|Any CPU.ActiveCfg = Release|Any CPU
		{CC499657-9B8C-4C48-827A-6CDD904A2B78}.Release|Any CPU.Build.0 = Release|Any CPU
		{9866BA10-88CC-4F21-819F-FACADBA33B39}.Debug|Any CPU.ActiveCfg = Debug|Any CPU
		{9866BA10-88CC-4F21-819F-FACADBA33B39}.Debug|Any CPU.Build.0 = Debug|Any CPU
		{9866BA10-88CC-4F21-819F-FACADBA33B39}.Release|Any CPU.ActiveCfg = Release|Any CPU
		{9866BA10-88CC-4F21-819F-FACADBA33B39}.Release|Any CPU.Build.0 = Release|Any CPU
		{96E00354-CA6B-42B0-B9F0-38FD5E2B4630}.Debug|Any CPU.ActiveCfg = Debug|Any CPU
		{96E00354-CA6B-42B0-B9F0-38FD5E2B4630}.Debug|Any CPU.Build.0 = Debug|Any CPU
		{96E00354-CA6B-42B0-B9F0-38FD5E2B4630}.Release|Any CPU.ActiveCfg = Release|Any CPU
		{96E00354-CA6B-42B0-B9F0-38FD5E2B4630}.Release|Any CPU.Build.0 = Release|Any CPU
		{BA9AD587-0972-4AB5-AECD-0A5EE11D237F}.Debug|Any CPU.ActiveCfg = Debug|Any CPU
		{BA9AD587-0972-4AB5-AECD-0A5EE11D237F}.Debug|Any CPU.Build.0 = Debug|Any CPU
		{BA9AD587-0972-4AB5-AECD-0A5EE11D237F}.Release|Any CPU.ActiveCfg = Release|Any CPU
		{BA9AD587-0972-4AB5-AECD-0A5EE11D237F}.Release|Any CPU.Build.0 = Release|Any CPU
		{C529C70D-DD90-4DA4-9B52-8752E2E6051D}.Debug|Any CPU.ActiveCfg = Debug|Any CPU
		{C529C70D-DD90-4DA4-9B52-8752E2E6051D}.Debug|Any CPU.Build.0 = Debug|Any CPU
		{C529C70D-DD90-4DA4-9B52-8752E2E6051D}.Release|Any CPU.ActiveCfg = Release|Any CPU
		{C529C70D-DD90-4DA4-9B52-8752E2E6051D}.Release|Any CPU.Build.0 = Release|Any CPU
		{9CDAD5B2-6A8D-4192-9968-05BAF45B9741}.Debug|Any CPU.ActiveCfg = Debug|Any CPU
		{9CDAD5B2-6A8D-4192-9968-05BAF45B9741}.Debug|Any CPU.Build.0 = Debug|Any CPU
		{9CDAD5B2-6A8D-4192-9968-05BAF45B9741}.Release|Any CPU.ActiveCfg = Release|Any CPU
		{9CDAD5B2-6A8D-4192-9968-05BAF45B9741}.Release|Any CPU.Build.0 = Release|Any CPU
		{B6706106-DDF1-475D-A367-D45F81873AC7}.Debug|Any CPU.ActiveCfg = Debug|Any CPU
		{B6706106-DDF1-475D-A367-D45F81873AC7}.Debug|Any CPU.Build.0 = Debug|Any CPU
		{B6706106-DDF1-475D-A367-D45F81873AC7}.Release|Any CPU.ActiveCfg = Release|Any CPU
		{B6706106-DDF1-475D-A367-D45F81873AC7}.Release|Any CPU.Build.0 = Release|Any CPU
		{6479A9CB-F6C9-4C75-9DD3-C3309D122B7E}.Debug|Any CPU.ActiveCfg = Debug|Any CPU
		{6479A9CB-F6C9-4C75-9DD3-C3309D122B7E}.Debug|Any CPU.Build.0 = Debug|Any CPU
		{6479A9CB-F6C9-4C75-9DD3-C3309D122B7E}.Release|Any CPU.ActiveCfg = Release|Any CPU
		{6479A9CB-F6C9-4C75-9DD3-C3309D122B7E}.Release|Any CPU.Build.0 = Release|Any CPU
		{104268C8-54B4-4F06-AA00-594CBBF30D2C}.Debug|Any CPU.ActiveCfg = Debug|Any CPU
		{104268C8-54B4-4F06-AA00-594CBBF30D2C}.Debug|Any CPU.Build.0 = Debug|Any CPU
		{104268C8-54B4-4F06-AA00-594CBBF30D2C}.Release|Any CPU.ActiveCfg = Release|Any CPU
		{104268C8-54B4-4F06-AA00-594CBBF30D2C}.Release|Any CPU.Build.0 = Release|Any CPU
		{B141DCAE-524D-403F-9B3D-CF3DC7F2F314}.Debug|Any CPU.ActiveCfg = Debug|Any CPU
		{B141DCAE-524D-403F-9B3D-CF3DC7F2F314}.Debug|Any CPU.Build.0 = Debug|Any CPU
		{B141DCAE-524D-403F-9B3D-CF3DC7F2F314}.Release|Any CPU.ActiveCfg = Release|Any CPU
		{B141DCAE-524D-403F-9B3D-CF3DC7F2F314}.Release|Any CPU.Build.0 = Release|Any CPU
		{168BA099-7842-47E0-A88C-375E86E48303}.Debug|Any CPU.ActiveCfg = Debug|Any CPU
		{168BA099-7842-47E0-A88C-375E86E48303}.Debug|Any CPU.Build.0 = Debug|Any CPU
		{168BA099-7842-47E0-A88C-375E86E48303}.Release|Any CPU.ActiveCfg = Release|Any CPU
		{168BA099-7842-47E0-A88C-375E86E48303}.Release|Any CPU.Build.0 = Release|Any CPU
		{007E5382-3372-4A38-A7E6-337DA875A49E}.Debug|Any CPU.ActiveCfg = Debug|Any CPU
		{007E5382-3372-4A38-A7E6-337DA875A49E}.Debug|Any CPU.Build.0 = Debug|Any CPU
		{007E5382-3372-4A38-A7E6-337DA875A49E}.Release|Any CPU.ActiveCfg = Release|Any CPU
		{007E5382-3372-4A38-A7E6-337DA875A49E}.Release|Any CPU.Build.0 = Release|Any CPU
		{BDCA8D6E-C730-43C4-97E1-B7823B360373}.Debug|Any CPU.ActiveCfg = Debug|Any CPU
		{BDCA8D6E-C730-43C4-97E1-B7823B360373}.Debug|Any CPU.Build.0 = Debug|Any CPU
		{BDCA8D6E-C730-43C4-97E1-B7823B360373}.Release|Any CPU.ActiveCfg = Release|Any CPU
		{BDCA8D6E-C730-43C4-97E1-B7823B360373}.Release|Any CPU.Build.0 = Release|Any CPU
		{067BE6A4-C2A2-4CFF-97F1-64B6669C5266}.Debug|Any CPU.ActiveCfg = Debug|Any CPU
		{067BE6A4-C2A2-4CFF-97F1-64B6669C5266}.Debug|Any CPU.Build.0 = Debug|Any CPU
		{067BE6A4-C2A2-4CFF-97F1-64B6669C5266}.Release|Any CPU.ActiveCfg = Release|Any CPU
		{067BE6A4-C2A2-4CFF-97F1-64B6669C5266}.Release|Any CPU.Build.0 = Release|Any CPU
		{0A8D103C-947B-4782-8ACF-3346B36713C6}.Debug|Any CPU.ActiveCfg = Debug|Any CPU
		{0A8D103C-947B-4782-8ACF-3346B36713C6}.Debug|Any CPU.Build.0 = Debug|Any CPU
		{0A8D103C-947B-4782-8ACF-3346B36713C6}.Release|Any CPU.ActiveCfg = Release|Any CPU
		{0A8D103C-947B-4782-8ACF-3346B36713C6}.Release|Any CPU.Build.0 = Release|Any CPU
		{4326EC73-F877-497B-9960-2329AFC9D2BC}.Debug|Any CPU.ActiveCfg = Debug|Any CPU
		{4326EC73-F877-497B-9960-2329AFC9D2BC}.Debug|Any CPU.Build.0 = Debug|Any CPU
		{4326EC73-F877-497B-9960-2329AFC9D2BC}.Release|Any CPU.ActiveCfg = Release|Any CPU
		{4326EC73-F877-497B-9960-2329AFC9D2BC}.Release|Any CPU.Build.0 = Release|Any CPU
		{81ECA02C-4F95-42B8-B843-0F3787A43253}.Debug|Any CPU.ActiveCfg = Debug|Any CPU
		{81ECA02C-4F95-42B8-B843-0F3787A43253}.Debug|Any CPU.Build.0 = Debug|Any CPU
		{81ECA02C-4F95-42B8-B843-0F3787A43253}.Release|Any CPU.ActiveCfg = Release|Any CPU
		{81ECA02C-4F95-42B8-B843-0F3787A43253}.Release|Any CPU.Build.0 = Release|Any CPU
		{4055C4D0-B4A5-44A1-A3CA-2652FEBFCC4D}.Debug|Any CPU.ActiveCfg = Debug|Any CPU
		{4055C4D0-B4A5-44A1-A3CA-2652FEBFCC4D}.Debug|Any CPU.Build.0 = Debug|Any CPU
		{4055C4D0-B4A5-44A1-A3CA-2652FEBFCC4D}.Release|Any CPU.ActiveCfg = Release|Any CPU
		{4055C4D0-B4A5-44A1-A3CA-2652FEBFCC4D}.Release|Any CPU.Build.0 = Release|Any CPU
		{25B3A405-290A-4026-BF00-8B3102F9FDC6}.Debug|Any CPU.ActiveCfg = Debug|Any CPU
		{25B3A405-290A-4026-BF00-8B3102F9FDC6}.Debug|Any CPU.Build.0 = Debug|Any CPU
		{25B3A405-290A-4026-BF00-8B3102F9FDC6}.Release|Any CPU.ActiveCfg = Release|Any CPU
		{25B3A405-290A-4026-BF00-8B3102F9FDC6}.Release|Any CPU.Build.0 = Release|Any CPU
		{03E81B2E-EDFB-4C0F-8A2E-815CEE98A30E}.Debug|Any CPU.ActiveCfg = Debug|Any CPU
		{03E81B2E-EDFB-4C0F-8A2E-815CEE98A30E}.Debug|Any CPU.Build.0 = Debug|Any CPU
		{03E81B2E-EDFB-4C0F-8A2E-815CEE98A30E}.Release|Any CPU.ActiveCfg = Release|Any CPU
		{03E81B2E-EDFB-4C0F-8A2E-815CEE98A30E}.Release|Any CPU.Build.0 = Release|Any CPU
	EndGlobalSection
EndGlobal
